{
    "_readme": [
        "This file locks the dependencies of your project to a known state",
        "Read more about it at https://getcomposer.org/doc/01-basic-usage.md#installing-dependencies",
        "This file is @generated automatically"
    ],
    "content-hash": "ad4fe5c282a5aee551f5316cb12720a8",
    "packages": [
        {
            "name": "nrel/eere_app_module",
            "version": "dev-master",
            "source": {
                "type": "git",
                "url": "https://github.com/NREL/eere_app_module.git",
                "reference": "2c29af8bceec4c8ab6b80fc73902759635a2ba7f"
            },
            "dist": {
                "type": "zip",
                "url": "https://api.github.com/repos/NREL/eere_app_module/zipball/2c29af8bceec4c8ab6b80fc73902759635a2ba7f",
                "reference": "2c29af8bceec4c8ab6b80fc73902759635a2ba7f",
                "shasum": ""
            },
            "type": "drupal-module",
            "notification-url": "https://packagist.org/downloads/",
            "license": [
                "GPL-2.0"
            ],
            "authors": [
                {
                    "name": "Damon Haley (dhaley)",
                    "role": "Maintainer",
                    "email": "damon.haley@nrel.gov"
                },
                {
                    "name": "Shaun Laws (slaws)",
                    "role": "Co-maintainer",
                    "email": "shaun.laws@nrel.gov"
                }
            ],
            "description": "Companion module to the EERE branded Drupal 8 bootstrap parent theme.",
            "homepage": "https://github.com/NREL/eere_app_module",
            "time": "2019-08-20T21:16:14+00:00"
        }
    ],
    "packages-dev": [],
    "aliases": [],
    "minimum-stability": "stable",
    "stability-flags": {
        "nrel/eere_app_module": 20
    },
    "prefer-stable": false,
    "prefer-lowest": false,
    "platform": [],
    "platform-dev": []
}
