{
    "_readme": [
        "This file locks the dependencies of your project to a known state",
        "Read more about it at https://getcomposer.org/doc/01-basic-usage.md#installing-dependencies",
        "This file is @generated automatically"
    ],
    "content-hash": "7604c21a9802767c3cb9cab5ec456161",
    "packages": [
        {
            "name": "nrel/eere_app_module",
            "version": "1.0.0",
            "source": {
                "type": "git",
                "url": "https://github.com/NREL/eere_app_module.git",
                "reference": "c28910183479cee942e0b96c0fa9762ede14281e"
            },
            "dist": {
                "type": "zip",
                "url": "https://api.github.com/repos/NREL/eere_app_module/zipball/c28910183479cee942e0b96c0fa9762ede14281e",
                "reference": "c28910183479cee942e0b96c0fa9762ede14281e",
                "shasum": ""
            },
            "type": "drupal-module",
            "notification-url": "https://packagist.org/downloads/",
            "license": [
                "GPL-2.0"
            ],
            "authors": [
                {
                    "name": "Damon Haley (dhaley)",
                    "role": "Maintainer",
                    "email": "damon.haley@nrel.gov"
                },
                {
                    "name": "Shaun Laws (slaws)",
                    "role": "Co-maintainer",
                    "email": "shaun.laws@nrel.gov"
                }
            ],
            "description": "Companion module to the EERE branded Drupal 8 bootstrap parent theme.",
            "homepage": "https://github.com/NREL/eere_app_module",
            "time": "2019-08-15T18:03:33+00:00"
        }
    ],
    "packages-dev": [],
    "aliases": [],
    "minimum-stability": "stable",
    "stability-flags": [],
    "prefer-stable": true,
    "prefer-lowest": false,
    "platform": [],
    "platform-dev": []
}
